
Microsoft Visual Studio Solution File, Format Version 12.00
# Visual Studio Version 16
VisualStudioVersion = 16.0.30413.136
MinimumVisualStudioVersion = 10.0.40219.1
Project("{FAE04EC0-301F-11D3-BF4B-00C04F79EFBC}") = "RR_krekli", "RR_krekli\RR_krekli.csproj", "{6F9296D3-A8AF-4C62-86B1-96A9DBCAF111}"
EndProject
Global
	GlobalSection(SolutionConfigurationPlatforms) = preSolution
		Debug|Any CPU = Debug|Any CPU
		Release|Any CPU = Release|Any CPU
	EndGlobalSection
	GlobalSection(ProjectConfigurationPlatforms) = postSolution
		{6F9296D3-A8AF-4C62-86B1-96A9DBCAF111}.Debug|Any CPU.ActiveCfg = Debug|Any CPU
		{6F9296D3-A8AF-4C62-86B1-96A9DBCAF111}.Debug|Any CPU.Build.0 = Debug|Any CPU
		{6F9296D3-A8AF-4C62-86B1-96A9DBCAF111}.Release|Any CPU.ActiveCfg = Release|Any CPU
		{6F9296D3-A8AF-4C62-86B1-96A9DBCAF111}.Release|Any CPU.Build.0 = Release|Any CPU
	EndGlobalSection
	GlobalSection(SolutionProperties) = preSolution
		HideSolutionNode = FALSE
	EndGlobalSection
	GlobalSection(ExtensibilityGlobals) = postSolution
		SolutionGuid = {D21AE8F7-3155-4605-A8E1-F0DB94635AF8}
	EndGlobalSection
EndGlobal
